
Microsoft Visual Studio Solution File, Format Version 12.00
# Visual Studio Version 17
VisualStudioVersion = 17.3.32804.467
MinimumVisualStudioVersion = 10.0.40219.1
Project("{FAE04EC0-301F-11D3-BF4B-00C04F79EFBC}") = "CGAPI", "CGAPI\CGAPI.csproj", "{5BB639B4-272F-445E-90C6-6C81B59A5969}"
EndProject
Global
	GlobalSection(SolutionConfigurationPlatforms) = preSolution
		Debug|Any CPU = Debug|Any CPU
		Release|Any CPU = Release|Any CPU
	EndGlobalSection
	GlobalSection(ProjectConfigurationPlatforms) = postSolution
		{5BB639B4-272F-445E-90C6-6C81B59A5969}.Debug|Any CPU.ActiveCfg = Debug|Any CPU
		{5BB639B4-272F-445E-90C6-6C81B59A5969}.Debug|Any CPU.Build.0 = Debug|Any CPU
		{5BB639B4-272F-445E-90C6-6C81B59A5969}.Release|Any CPU.ActiveCfg = Release|Any CPU
		{5BB639B4-272F-445E-90C6-6C81B59A5969}.Release|Any CPU.Build.0 = Release|Any CPU
	EndGlobalSection
	GlobalSection(SolutionProperties) = preSolution
		HideSolutionNode = FALSE
	EndGlobalSection
	GlobalSection(ExtensibilityGlobals) = postSolution
		SolutionGuid = {2AE836C4-A85E-4305-ADCC-EB8FBFE1F745}
	EndGlobalSection
EndGlobal
